{
  "nodes": {
    "agent-skills": {
      "inputs": {
        "home-manager": [
          "home-manager"
        ],
        "nixpkgs": [
          "nixpkgs"
        ]
      },
      "locked": {
        "lastModified": 1779692292,
        "narHash": "sha256-1ttGc9LQxmlLz0GlSC629j7Avpp6FF6NqNXoxDZeYoA=",
        "owner": "Kyure-A",
        "repo": "agent-skills-nix",
        "rev": "db664effdb55aecfec2e761b66f459e8270c3520",
        "type": "github"
      },
      "original": {
        "owner": "Kyure-A",
        "repo": "agent-skills-nix",
        "type": "github"
      }
    },
    "antigravity-overlay": {
      "inputs": {
        "nixpkgs": [
          "nixpkgs"
        ]
      },
      "locked": {
        "path": "./overlays/antigravity",
        "type": "path"
      },
      "original": {
        "path": "./overlays/antigravity",
        "type": "path"
      },
      "parent": []
    },
    "brew-api": {
      "flake": false,
      "locked": {
        "lastModified": 1780542513,
        "narHash": "sha256-4GA9q8k45J4+ykLqjuhIqbRfNpExeZl1uoMdUMmIVho=",
        "owner": "BatteredBunny",
        "repo": "brew-api",
        "rev": "4d03b9923802c4695f95daec6cbb90d67a726b0b",
        "type": "github"
      },
      "original": {
        "owner": "BatteredBunny",
        "repo": "brew-api",
        "type": "github"
      }
    },
    "brew-nix": {
      "inputs": {
        "brew-api": [
          "brew-api"
        ],
        "nix-darwin": "nix-darwin",
        "nixpkgs": "nixpkgs"
      },
      "locked": {
        "lastModified": 1780306103,
        "narHash": "sha256-si58gIStHng+T+AE430vrXzg0r4BJWtnxzwqAKYhEFw=",
        "owner": "BatteredBunny",
        "repo": "brew-nix",
        "rev": "d40695006e0313d131c668d926d92c0fcd737e2a",
        "type": "github"
      },
      "original": {
        "owner": "BatteredBunny",
        "repo": "brew-nix",
        "type": "github"
      }
    },
    "claude-my-skills": {
      "flake": false,
      "locked": {
        "lastModified": 1778508601,
        "narHash": "sha256-k9C2je9UzpF1Ci1jg8LQpAE4ZplslU6a2dUcgTE+WGY=",
        "ref": "refs/heads/main",
        "rev": "6c4fbef3191a68ca487db0cc5b5355cf52d849ad",
        "revCount": 10,
        "type": "git",
        "url": "ssh://git@github.com/daichi-629/claude-my-skills"
      },
      "original": {
        "type": "git",
        "url": "ssh://git@github.com/daichi-629/claude-my-skills"
      }
    },
    "claude-overlay": {
      "inputs": {
        "nixpkgs": "nixpkgs_2"
      },
      "locked": {
        "lastModified": 1780524107,
        "narHash": "sha256-ZW7xOkYJ1T3aSvexWLbVzFiqAZjaCg0pLVNO0A2jvwA=",
        "owner": "ryoppippi",
        "repo": "nix-claude-code",
        "rev": "9ea1ec8f5a40317893ad79e278602f607f214e9c",
        "type": "github"
      },
      "original": {
        "owner": "ryoppippi",
        "repo": "nix-claude-code",
        "type": "github"
      }
    },
    "codex-overlay": {
      "inputs": {
        "nixpkgs": [
          "nixpkgs"
        ],
        "npm-cli": "npm-cli"
      },
      "locked": {
        "path": "./overlays/codex",
        "type": "path"
      },
      "original": {
        "path": "./overlays/codex",
        "type": "path"
      },
      "parent": []
    },
    "flake-compat": {
      "flake": false,
      "locked": {
        "lastModified": 1767039857,
        "narHash": "sha256-vNpUSpF5Nuw8xvDLj2KCwwksIbjua2LZCqhV1LNRDns=",
        "owner": "NixOS",
        "repo": "flake-compat",
        "rev": "5edf11c44bc78a0d334f6334cdaf7d60d732daab",
        "type": "github"
      },
      "original": {
        "owner": "NixOS",
        "repo": "flake-compat",
        "type": "github"
      }
    },
    "flake-parts": {
      "inputs": {
        "nixpkgs-lib": [
          "nvim-config",
          "nixvim",
          "nixpkgs"
        ]
      },
      "locked": {
        "lastModified": 1778716662,
        "narHash": "sha256-m1Yf0wZ8j1OHjTc2UwHwyQRSnNeSgLJOd7q5Y45hzi4=",
        "owner": "hercules-ci",
        "repo": "flake-parts",
        "rev": "f7c1a2d347e4c52d5fb8d10cb4d94b5884e546fb",
        "type": "github"
      },
      "original": {
        "owner": "hercules-ci",
        "repo": "flake-parts",
        "type": "github"
      }
    },
    "flake-parts_2": {
      "inputs": {
        "nixpkgs-lib": "nixpkgs-lib"
      },
      "locked": {
        "lastModified": 1778716662,
        "narHash": "sha256-m1Yf0wZ8j1OHjTc2UwHwyQRSnNeSgLJOd7q5Y45hzi4=",
        "owner": "hercules-ci",
        "repo": "flake-parts",
        "rev": "f7c1a2d347e4c52d5fb8d10cb4d94b5884e546fb",
        "type": "github"
      },
      "original": {
        "owner": "hercules-ci",
        "repo": "flake-parts",
        "type": "github"
      }
    },
    "gemini-overlay": {
      "inputs": {
        "nixpkgs": [
          "nixpkgs"
        ],
        "npm-cli": "npm-cli_2"
      },
      "locked": {
        "path": "./overlays/gemini",
        "type": "path"
      },
      "original": {
        "path": "./overlays/gemini",
        "type": "path"
      },
      "parent": []
    },
    "git-hooks": {
      "inputs": {
        "flake-compat": "flake-compat",
        "gitignore": "gitignore",
        "nixpkgs": [
          "rustowl-flake",
          "nixpkgs"
        ]
      },
      "locked": {
        "lastModified": 1778507602,
        "narHash": "sha256-kTwur1wV+01SdqskVMSo6JMEpg71ps3HpbFY2GsflKs=",
        "owner": "cachix",
        "repo": "git-hooks.nix",
        "rev": "61ab0e80d9c7ab14c256b5b453d8b3fb0189ba0a",
        "type": "github"
      },
      "original": {
        "owner": "cachix",
        "repo": "git-hooks.nix",
        "type": "github"
      }
    },
    "gitignore": {
      "inputs": {
        "nixpkgs": [
          "rustowl-flake",
          "git-hooks",
          "nixpkgs"
        ]
      },
      "locked": {
        "lastModified": 1709087332,
        "narHash": "sha256-HG2cCnktfHsKV0s4XW83gU3F57gaTljL9KNSuG6bnQs=",
        "owner": "hercules-ci",
        "repo": "gitignore.nix",
        "rev": "637db329424fd7e46cf4185293b9cc8c88c95394",
        "type": "github"
      },
      "original": {
        "owner": "hercules-ci",
        "repo": "gitignore.nix",
        "type": "github"
      }
    },
    "home-manager": {
      "inputs": {
        "nixpkgs": [
          "nixpkgs"
        ]
      },
      "locked": {
        "lastModified": 1779506708,
        "narHash": "sha256-QOD/CNm196nCJRheux/URi4/HE66fthdOMqCJoPP1Y0=",
        "owner": "nix-community",
        "repo": "home-manager",
        "rev": "3ee51fbdac8c8bdfe1e7e1fcaba6520a563f394f",
        "type": "github"
      },
      "original": {
        "owner": "nix-community",
        "ref": "release-25.11",
        "repo": "home-manager",
        "type": "github"
      }
    },
    "my_secrets": {
      "locked": {
        "lastModified": 1778773744,
        "narHash": "sha256-F7hFschV7kkfZanehN5MR3kka+I8aTnvVdr0+xzspNs=",
        "ref": "refs/heads/main",
        "rev": "f24c2d3d5f4a855eea60ffe27748661207862fbb",
        "revCount": 9,
        "type": "git",
        "url": "ssh://git@github.com/daichi-629/home-secrets"
      },
      "original": {
        "type": "git",
        "url": "ssh://git@github.com/daichi-629/home-secrets"
      }
    },
    "nix-darwin": {
      "inputs": {
        "nixpkgs": [
          "brew-nix",
          "nixpkgs"
        ]
      },
      "locked": {
        "lastModified": 1777780666,
        "narHash": "sha256-8wURyQMdDkGUarSTKOGdCuFfYiwa3HbzwscUfn3STDE=",
        "owner": "nix-darwin",
        "repo": "nix-darwin",
        "rev": "8c62fba0854ba15c8917aed18894dbccb48a3777",
        "type": "github"
      },
      "original": {
        "owner": "nix-darwin",
        "repo": "nix-darwin",
        "type": "github"
      }
    },
    "nix-darwin_2": {
      "inputs": {
        "nixpkgs": [
          "nixpkgs"
        ]
      },
      "locked": {
        "lastModified": 1772129556,
        "narHash": "sha256-Utk0zd8STPsUJPyjabhzPc5BpPodLTXrwkpXBHYnpeg=",
        "owner": "lnl7",
        "repo": "nix-darwin",
        "rev": "ebec37af18215214173c98cf6356d0aca24a2585",
        "type": "github"
      },
      "original": {
        "owner": "lnl7",
        "ref": "nix-darwin-25.11",
        "repo": "nix-darwin",
        "type": "github"
      }
    },
    "nixpkgs": {
      "locked": {
        "lastModified": 1777954456,
        "narHash": "sha256-hGdgeU2Nk87RAuZyYjyDjFL6LK7dAZN5RE9+hrDTkDU=",
        "owner": "NixOS",
        "repo": "nixpkgs",
        "rev": "549bd84d6279f9852cae6225e372cc67fb91a4c1",
        "type": "github"
      },
      "original": {
        "owner": "NixOS",
        "ref": "nixos-unstable",
        "repo": "nixpkgs",
        "type": "github"
      }
    },
    "nixpkgs-lib": {
      "locked": {
        "lastModified": 1777168982,
        "narHash": "sha256-GOkGPcboWE9BmGCRMLX3worL4EMnsnG8MyKmXNeYuhQ=",
        "owner": "nix-community",
        "repo": "nixpkgs.lib",
        "rev": "f5901329dade4a6ea039af1433fb087bd9c1fe14",
        "type": "github"
      },
      "original": {
        "owner": "nix-community",
        "repo": "nixpkgs.lib",
        "type": "github"
      }
    },
    "nixpkgs_2": {
      "locked": {
        "lastModified": 1779560665,
        "narHash": "sha256-tpyBcxPpcQb8ukyNF7DoCwfSY3VPsxHoYwj00Cayv5o=",
        "owner": "NixOS",
        "repo": "nixpkgs",
        "rev": "64c08a7ca051951c8eae34e3e3cb1e202fe36786",
        "type": "github"
      },
      "original": {
        "owner": "NixOS",
        "ref": "nixos-unstable",
        "repo": "nixpkgs",
        "type": "github"
      }
    },
    "nixpkgs_3": {
      "locked": {
        "lastModified": 1779796641,
        "narHash": "sha256-ZsIrKmhp4vbBXoXXmR/tBXA/UCsAQiJL9vsgZEduhVY=",
        "owner": "nixos",
        "repo": "nixpkgs",
        "rev": "25f538306313eae3927264466c70d7001dcea1df",
        "type": "github"
      },
      "original": {
        "owner": "nixos",
        "ref": "nixos-25.11",
        "repo": "nixpkgs",
        "type": "github"
      }
    },
    "nixpkgs_unstable": {
      "locked": {
        "lastModified": 1780336545,
        "narHash": "sha256-vhVhuXzFrIOfcssC/9hDHx7MHzDKjF3keHuREOQqQiQ=",
        "owner": "nixos",
        "repo": "nixpkgs",
        "rev": "4df1b885d76a54e1aa1a318f8d16fd6005b6401f",
        "type": "github"
      },
      "original": {
        "owner": "nixos",
        "ref": "nixpkgs-unstable",
        "repo": "nixpkgs",
        "type": "github"
      }
    },
    "nixvim": {
      "inputs": {
        "flake-parts": "flake-parts",
        "nixpkgs": [
          "nvim-config",
          "nixpkgs"
        ],
        "systems": "systems"
      },
      "locked": {
        "lastModified": 1779816597,
        "narHash": "sha256-Kgod3gZlhSp6WozZ2pFaclXbWpjs6kQLAtldoxb85Lc=",
        "owner": "nix-community",
        "repo": "nixvim",
        "rev": "297f9341476ba7f821a42d7a2805e206ef8c6ef8",
        "type": "github"
      },
      "original": {
        "owner": "nix-community",
        "repo": "nixvim",
        "type": "github"
      }
    },
    "npm-cli": {
      "inputs": {
        "nixpkgs": [
          "codex-overlay",
          "nixpkgs"
        ]
      },
      "locked": {
        "path": "../npm-cli",
        "type": "path"
      },
      "original": {
        "path": "../npm-cli",
        "type": "path"
      },
      "parent": [
        "codex-overlay"
      ]
    },
    "npm-cli_2": {
      "inputs": {
        "nixpkgs": [
          "gemini-overlay",
          "nixpkgs"
        ]
      },
      "locked": {
        "path": "../npm-cli",
        "type": "path"
      },
      "original": {
        "path": "../npm-cli",
        "type": "path"
      },
      "parent": [
        "gemini-overlay"
      ]
    },
    "npm-cli_3": {
      "inputs": {
        "nixpkgs": [
          "playwright-overlay",
          "nixpkgs"
        ]
      },
      "locked": {
        "path": "../npm-cli",
        "type": "path"
      },
      "original": {
        "path": "../npm-cli",
        "type": "path"
      },
      "parent": [
        "playwright-overlay"
      ]
    },
    "nvim-config": {
      "inputs": {
        "nixpkgs": [
          "nixpkgs_unstable"
        ],
        "nixvim": "nixvim"
      },
      "locked": {
        "path": "./nixvim",
        "type": "path"
      },
      "original": {
        "path": "./nixvim",
        "type": "path"
      },
      "parent": []
    },
    "playwright-overlay": {
      "inputs": {
        "nixpkgs": [
          "nixpkgs"
        ],
        "npm-cli": "npm-cli_3"
      },
      "locked": {
        "path": "./overlays/playwright",
        "type": "path"
      },
      "original": {
        "path": "./overlays/playwright",
        "type": "path"
      },
      "parent": []
    },
    "root": {
      "inputs": {
        "agent-skills": "agent-skills",
        "antigravity-overlay": "antigravity-overlay",
        "brew-api": "brew-api",
        "brew-nix": "brew-nix",
        "claude-my-skills": "claude-my-skills",
        "claude-overlay": "claude-overlay",
        "codex-overlay": "codex-overlay",
        "gemini-overlay": "gemini-overlay",
        "home-manager": "home-manager",
        "my_secrets": "my_secrets",
        "nix-darwin": "nix-darwin_2",
        "nixpkgs": "nixpkgs_3",
        "nixpkgs_unstable": "nixpkgs_unstable",
        "nvim-config": "nvim-config",
        "playwright-overlay": "playwright-overlay",
        "rust-overlay": "rust-overlay",
        "rustowl-flake": "rustowl-flake",
        "sops-nix": "sops-nix"
      }
    },
    "rust-overlay": {
      "inputs": {
        "nixpkgs": [
          "nixpkgs"
        ]
      },
      "locked": {
        "lastModified": 1780543271,
        "narHash": "sha256-oPJ7eJN1sM37v92Rp/eyQL7/rUm0BOvXEBAoq/zN0cM=",
        "owner": "oxalica",
        "repo": "rust-overlay",
        "rev": "c30ca201c5093540cf792f6982f81ba1aa0f3514",
        "type": "github"
      },
      "original": {
        "owner": "oxalica",
        "repo": "rust-overlay",
        "type": "github"
      }
    },
    "rustowl": {
      "flake": false,
      "locked": {
        "lastModified": 1780392753,
        "narHash": "sha256-3rNG1pJj15lKShZkndGrMRS4oMp4RVkKvjhiAxbRfis=",
        "owner": "cordx56",
        "repo": "rustowl",
        "rev": "ac9637eafb388d0c6356c5e878cb9046285b7e68",
        "type": "github"
      },
      "original": {
        "owner": "cordx56",
        "repo": "rustowl",
        "type": "github"
      }
    },
    "rustowl-flake": {
      "inputs": {
        "flake-parts": "flake-parts_2",
        "git-hooks": "git-hooks",
        "nixpkgs": [
          "nixpkgs"
        ],
        "rust-overlay": [
          "rust-overlay"
        ],
        "rustowl": "rustowl"
      },
      "locked": {
        "lastModified": 1780544092,
        "narHash": "sha256-qatFYXWd7UK0MNJ6Nqp7lBpKk4NdaGQ0w78Wg2SgtiY=",
        "owner": "nix-community",
        "repo": "rustowl-flake",
        "rev": "95a69cb00ae717d36e0880a0d0c88750ea5c22ef",
        "type": "github"
      },
      "original": {
        "owner": "nix-community",
        "repo": "rustowl-flake",
        "type": "github"
      }
    },
    "sops-nix": {
      "inputs": {
        "nixpkgs": [
          "nixpkgs"
        ]
      },
      "locked": {
        "lastModified": 1777944972,
        "narHash": "sha256-VfGRo1qTBKOe3s2gOv8LSoA6Fk19PvBlwQ1ECN0Evn8=",
        "owner": "Mic92",
        "repo": "sops-nix",
        "rev": "c591bf665727040c6cc5cb409079acb22dcce33c",
        "type": "github"
      },
      "original": {
        "owner": "Mic92",
        "repo": "sops-nix",
        "type": "github"
      }
    },
    "systems": {
      "locked": {
        "lastModified": 1681028828,
        "narHash": "sha256-Vy1rq5AaRuLzOxct8nz4T6wlgyUR7zLU309k9mBC768=",
        "owner": "nix-systems",
        "repo": "default",
        "rev": "da67096a3b9bf56a91d16901293e51ba5b49a27e",
        "type": "github"
      },
      "original": {
        "owner": "nix-systems",
        "repo": "default",
        "type": "github"
      }
    }
  },
  "root": "root",
  "version": 7
}
