{
  "name": "node-global",
  "version": "1.0.0",
  "lockfileVersion": 2,
  "requires": true,
  "packages": {
    "": {
      "name": "node-global",
      "version": "1.0.0",
      "dependencies": {
        "@openai/codex": "latest",
        "@playwright/cli": "latest"
      }
    },
    "node_modules/@openai/codex": {
      "version": "0.111.0",
      "resolved": "https://registry.npmjs.org/@openai/codex/-/codex-0.111.0.tgz",
      "integrity": "sha512-69Mw8//xBEHIgQ11tlYbz7HI2kndOs9GNnMVGzmTgsR48x2ZyYiZR1n4z2M+aR0A9BoarGxPIcbu2aEzVP/L0g==",
      "license": "Apache-2.0",
      "bin": {
        "codex": "bin/codex.js"
      },
      "engines": {
        "node": ">=16"
      },
      "optionalDependencies": {
        "@openai/codex-darwin-arm64": "npm:@openai/codex@0.111.0-darwin-arm64",
        "@openai/codex-darwin-x64": "npm:@openai/codex@0.111.0-darwin-x64",
        "@openai/codex-linux-arm64": "npm:@openai/codex@0.111.0-linux-arm64",
        "@openai/codex-linux-x64": "npm:@openai/codex@0.111.0-linux-x64",
        "@openai/codex-win32-arm64": "npm:@openai/codex@0.111.0-win32-arm64",
        "@openai/codex-win32-x64": "npm:@openai/codex@0.111.0-win32-x64"
      }
    },
    "node_modules/@openai/codex-darwin-arm64": {
      "name": "@openai/codex",
      "version": "0.111.0-darwin-arm64",
      "resolved": "https://registry.npmjs.org/@openai/codex/-/codex-0.111.0-darwin-arm64.tgz",
      "integrity": "sha512-g8QkNUqacCUs7aU/Yd+gtiDlVV6sYyQl9tjBGgwjdfHCdmSKD47tD2tWRugXZ4D/uEe/6RxlUv65JnU5V0PW8A==",
      "cpu": [
        "arm64"
      ],
      "license": "Apache-2.0",
      "optional": true,
      "os": [
        "darwin"
      ],
      "engines": {
        "node": ">=16"
      }
    },
    "node_modules/@openai/codex-darwin-x64": {
      "name": "@openai/codex",
      "version": "0.111.0-darwin-x64",
      "resolved": "https://registry.npmjs.org/@openai/codex/-/codex-0.111.0-darwin-x64.tgz",
      "integrity": "sha512-WfjErI0IWMSu17XoiPstvph6MX2wFZd9zrwKCWkYLrN68mNYKfBgZE7pSCb9Z3nxVMbaphq8jhf0kImCWCsatQ==",
      "cpu": [
        "x64"
      ],
      "license": "Apache-2.0",
      "optional": true,
      "os": [
        "darwin"
      ],
      "engines": {
        "node": ">=16"
      }
    },
    "node_modules/@openai/codex-linux-arm64": {
      "name": "@openai/codex",
      "version": "0.111.0-linux-arm64",
      "resolved": "https://registry.npmjs.org/@openai/codex/-/codex-0.111.0-linux-arm64.tgz",
      "integrity": "sha512-/ABn3UhcbnJEhRNUH/BUcG/lr2n/CeacyXORWpHScNkkjMPUOkyNudUOyuoZjwybHU2PAmbpLIf5exXVNRvu2g==",
      "cpu": [
        "arm64"
      ],
      "license": "Apache-2.0",
      "optional": true,
      "os": [
        "linux"
      ],
      "engines": {
        "node": ">=16"
      }
    },
    "node_modules/@openai/codex-linux-x64": {
      "name": "@openai/codex",
      "version": "0.111.0-linux-x64",
      "resolved": "https://registry.npmjs.org/@openai/codex/-/codex-0.111.0-linux-x64.tgz",
      "integrity": "sha512-Cj82IUWtHkqMw3JpODGnkL9lyHhGLIAMHU9+3CosKLtOHUB4A9W3zKEBJrrlsi6QruvYVWrb/7t/xGb82fna0Q==",
      "cpu": [
        "x64"
      ],
      "license": "Apache-2.0",
      "optional": true,
      "os": [
        "linux"
      ],
      "engines": {
        "node": ">=16"
      }
    },
    "node_modules/@openai/codex-win32-arm64": {
      "name": "@openai/codex",
      "version": "0.111.0-win32-arm64",
      "resolved": "https://registry.npmjs.org/@openai/codex/-/codex-0.111.0-win32-arm64.tgz",
      "integrity": "sha512-h6WaA/ixD9ucwcmSUbXpjmhyfptD6Yk3N2IynNjOCvqgXS3V7uaNTm6qHFgkvA9S2IbkS9gA+ydgxFVyU6w7eQ==",
      "cpu": [
        "arm64"
      ],
      "license": "Apache-2.0",
      "optional": true,
      "os": [
        "win32"
      ],
      "engines": {
        "node": ">=16"
      }
    },
    "node_modules/@openai/codex-win32-x64": {
      "name": "@openai/codex",
      "version": "0.111.0-win32-x64",
      "resolved": "https://registry.npmjs.org/@openai/codex/-/codex-0.111.0-win32-x64.tgz",
      "integrity": "sha512-jWCcI8Nv8kpr29VWmTrNpRw9zMGAc4sqy94mw13OgOcFcDtnuqdjtaJAswKHrZZbdT+kqDDZmi7Gvi/vsahvDA==",
      "cpu": [
        "x64"
      ],
      "license": "Apache-2.0",
      "optional": true,
      "os": [
        "win32"
      ],
      "engines": {
        "node": ">=16"
      }
    },
    "node_modules/@playwright/cli": {
      "version": "0.1.1",
      "resolved": "https://registry.npmjs.org/@playwright/cli/-/cli-0.1.1.tgz",
      "integrity": "sha512-9k11ZfDwAfMVDDIuEVW1Wvs8SoDNXIY1dNQ+9C9/SS8ZmElkcxesu5eoL7vNa96ntibUGaq1TM2qQoqvdl/I9g==",
      "license": "Apache-2.0",
      "dependencies": {
        "minimist": "^1.2.5",
        "playwright": "1.59.0-alpha-1771104257000"
      },
      "bin": {
        "playwright-cli": "playwright-cli.js"
      },
      "engines": {
        "node": ">=18"
      }
    },
    "node_modules/fsevents": {
      "version": "2.3.2",
      "resolved": "https://registry.npmjs.org/fsevents/-/fsevents-2.3.2.tgz",
      "integrity": "sha512-xiqMQR4xAeHTuB9uWm+fFRcIOgKBMiOBP+eXiyT7jsgVCq1bkVygt00oASowB7EdtpOHaaPgKt812P9ab+DDKA==",
      "hasInstallScript": true,
      "license": "MIT",
      "optional": true,
      "os": [
        "darwin"
      ],
      "engines": {
        "node": "^8.16.0 || ^10.6.0 || >=11.0.0"
      }
    },
    "node_modules/minimist": {
      "version": "1.2.8",
      "resolved": "https://registry.npmjs.org/minimist/-/minimist-1.2.8.tgz",
      "integrity": "sha512-2yyAR8qBkN3YuheJanUpWC5U3bb5osDywNB8RzDVlDwDHbocAJveqqj1u8+SVD7jkWT4yvsHCpWqqWqAxb0zCA==",
      "license": "MIT",
      "funding": {
        "url": "https://github.com/sponsors/ljharb"
      }
    },
    "node_modules/playwright": {
      "version": "1.59.0-alpha-1771104257000",
      "resolved": "https://registry.npmjs.org/playwright/-/playwright-1.59.0-alpha-1771104257000.tgz",
      "integrity": "sha512-6SCMMMJaDRsSqiKVLmb2nhtLES7iTYawTWWrQK6UdIGNzXi8lka4sLKRec3L4DnTWwddAvCuRn8035dhNiHzbg==",
      "license": "Apache-2.0",
      "dependencies": {
        "playwright-core": "1.59.0-alpha-1771104257000"
      },
      "bin": {
        "playwright": "cli.js"
      },
      "engines": {
        "node": ">=18"
      },
      "optionalDependencies": {
        "fsevents": "2.3.2"
      }
    },
    "node_modules/playwright-core": {
      "version": "1.59.0-alpha-1771104257000",
      "resolved": "https://registry.npmjs.org/playwright-core/-/playwright-core-1.59.0-alpha-1771104257000.tgz",
      "integrity": "sha512-YiXup3pnpQUCBMSIW5zx8CErwRx4K6O5Kojkw2BzJui8MazoMUDU6E3xGsb1kzFviEAE09LFQ+y1a0RhIJQ5SA==",
      "license": "Apache-2.0",
      "bin": {
        "playwright-core": "cli.js"
      },
      "engines": {
        "node": ">=18"
      }
    }
  },
  "dependencies": {
    "@openai/codex": {
      "version": "0.111.0",
      "resolved": "https://registry.npmjs.org/@openai/codex/-/codex-0.111.0.tgz",
      "integrity": "sha512-69Mw8//xBEHIgQ11tlYbz7HI2kndOs9GNnMVGzmTgsR48x2ZyYiZR1n4z2M+aR0A9BoarGxPIcbu2aEzVP/L0g==",
      "requires": {
        "@openai/codex-darwin-arm64": "npm:@openai/codex@0.111.0-darwin-arm64",
        "@openai/codex-darwin-x64": "npm:@openai/codex@0.111.0-darwin-x64",
        "@openai/codex-linux-arm64": "npm:@openai/codex@0.111.0-linux-arm64",
        "@openai/codex-linux-x64": "npm:@openai/codex@0.111.0-linux-x64",
        "@openai/codex-win32-arm64": "npm:@openai/codex@0.111.0-win32-arm64",
        "@openai/codex-win32-x64": "npm:@openai/codex@0.111.0-win32-x64"
      }
    },
    "@openai/codex-darwin-arm64": {
      "version": "npm:@openai/codex@0.111.0-darwin-arm64",
      "resolved": "https://registry.npmjs.org/@openai/codex/-/codex-0.111.0-darwin-arm64.tgz",
      "integrity": "sha512-g8QkNUqacCUs7aU/Yd+gtiDlVV6sYyQl9tjBGgwjdfHCdmSKD47tD2tWRugXZ4D/uEe/6RxlUv65JnU5V0PW8A==",
      "optional": true
    },
    "@openai/codex-darwin-x64": {
      "version": "npm:@openai/codex@0.111.0-darwin-x64",
      "resolved": "https://registry.npmjs.org/@openai/codex/-/codex-0.111.0-darwin-x64.tgz",
      "integrity": "sha512-WfjErI0IWMSu17XoiPstvph6MX2wFZd9zrwKCWkYLrN68mNYKfBgZE7pSCb9Z3nxVMbaphq8jhf0kImCWCsatQ==",
      "optional": true
    },
    "@openai/codex-linux-arm64": {
      "version": "npm:@openai/codex@0.111.0-linux-arm64",
      "resolved": "https://registry.npmjs.org/@openai/codex/-/codex-0.111.0-linux-arm64.tgz",
      "integrity": "sha512-/ABn3UhcbnJEhRNUH/BUcG/lr2n/CeacyXORWpHScNkkjMPUOkyNudUOyuoZjwybHU2PAmbpLIf5exXVNRvu2g==",
      "optional": true
    },
    "@openai/codex-linux-x64": {
      "version": "npm:@openai/codex@0.111.0-linux-x64",
      "resolved": "https://registry.npmjs.org/@openai/codex/-/codex-0.111.0-linux-x64.tgz",
      "integrity": "sha512-Cj82IUWtHkqMw3JpODGnkL9lyHhGLIAMHU9+3CosKLtOHUB4A9W3zKEBJrrlsi6QruvYVWrb/7t/xGb82fna0Q==",
      "optional": true
    },
    "@openai/codex-win32-arm64": {
      "version": "npm:@openai/codex@0.111.0-win32-arm64",
      "resolved": "https://registry.npmjs.org/@openai/codex/-/codex-0.111.0-win32-arm64.tgz",
      "integrity": "sha512-h6WaA/ixD9ucwcmSUbXpjmhyfptD6Yk3N2IynNjOCvqgXS3V7uaNTm6qHFgkvA9S2IbkS9gA+ydgxFVyU6w7eQ==",
      "optional": true
    },
    "@openai/codex-win32-x64": {
      "version": "npm:@openai/codex@0.111.0-win32-x64",
      "resolved": "https://registry.npmjs.org/@openai/codex/-/codex-0.111.0-win32-x64.tgz",
      "integrity": "sha512-jWCcI8Nv8kpr29VWmTrNpRw9zMGAc4sqy94mw13OgOcFcDtnuqdjtaJAswKHrZZbdT+kqDDZmi7Gvi/vsahvDA==",
      "optional": true
    },
    "@playwright/cli": {
      "version": "0.1.1",
      "resolved": "https://registry.npmjs.org/@playwright/cli/-/cli-0.1.1.tgz",
      "integrity": "sha512-9k11ZfDwAfMVDDIuEVW1Wvs8SoDNXIY1dNQ+9C9/SS8ZmElkcxesu5eoL7vNa96ntibUGaq1TM2qQoqvdl/I9g==",
      "requires": {
        "minimist": "^1.2.5",
        "playwright": "1.59.0-alpha-1771104257000"
      }
    },
    "fsevents": {
      "version": "2.3.2",
      "resolved": "https://registry.npmjs.org/fsevents/-/fsevents-2.3.2.tgz",
      "integrity": "sha512-xiqMQR4xAeHTuB9uWm+fFRcIOgKBMiOBP+eXiyT7jsgVCq1bkVygt00oASowB7EdtpOHaaPgKt812P9ab+DDKA==",
      "optional": true
    },
    "minimist": {
      "version": "1.2.8",
      "resolved": "https://registry.npmjs.org/minimist/-/minimist-1.2.8.tgz",
      "integrity": "sha512-2yyAR8qBkN3YuheJanUpWC5U3bb5osDywNB8RzDVlDwDHbocAJveqqj1u8+SVD7jkWT4yvsHCpWqqWqAxb0zCA=="
    },
    "playwright": {
      "version": "1.59.0-alpha-1771104257000",
      "resolved": "https://registry.npmjs.org/playwright/-/playwright-1.59.0-alpha-1771104257000.tgz",
      "integrity": "sha512-6SCMMMJaDRsSqiKVLmb2nhtLES7iTYawTWWrQK6UdIGNzXi8lka4sLKRec3L4DnTWwddAvCuRn8035dhNiHzbg==",
      "requires": {
        "fsevents": "2.3.2",
        "playwright-core": "1.59.0-alpha-1771104257000"
      }
    },
    "playwright-core": {
      "version": "1.59.0-alpha-1771104257000",
      "resolved": "https://registry.npmjs.org/playwright-core/-/playwright-core-1.59.0-alpha-1771104257000.tgz",
      "integrity": "sha512-YiXup3pnpQUCBMSIW5zx8CErwRx4K6O5Kojkw2BzJui8MazoMUDU6E3xGsb1kzFviEAE09LFQ+y1a0RhIJQ5SA=="
    }
  }
}
